
Microsoft Visual Studio Solution File, Format Version 12.00
# Visual Studio Version 16
VisualStudioVersion = 25.0.1705.4
MinimumVisualStudioVersion = 10.0.40219.1
Project("{FAE04EC0-301F-11D3-BF4B-00C04F79EFBC}") = "API_UL_Layer", "API_UL_Layer\API_UL_Layer.csproj", "{DF68FBCB-41A9-4181-8381-298B88121D46}"
EndProject
Project("{FAE04EC0-301F-11D3-BF4B-00C04F79EFBC}") = "Business_Logic_Layer", "Business_Logic_Layer\Business_Logic_Layer.csproj", "{69673BB6-35E6-46E9-9C08-831788957F6F}"
EndProject
Project("{FAE04EC0-301F-11D3-BF4B-00C04F79EFBC}") = "Data_Access_Layer", "Data_Access_Layer\Data_Access_Layer.csproj", "{D206E005-FC0E-481D-B730-F6199B47AAD8}"
EndProject
Global
	GlobalSection(SolutionConfigurationPlatforms) = preSolution
		Debug|Any CPU = Debug|Any CPU
		Release|Any CPU = Release|Any CPU
	EndGlobalSection
	GlobalSection(ProjectConfigurationPlatforms) = postSolution
		{DF68FBCB-41A9-4181-8381-298B88121D46}.Debug|Any CPU.ActiveCfg = Debug|Any CPU
		{DF68FBCB-41A9-4181-8381-298B88121D46}.Debug|Any CPU.Build.0 = Debug|Any CPU
		{DF68FBCB-41A9-4181-8381-298B88121D46}.Release|Any CPU.ActiveCfg = Release|Any CPU
		{DF68FBCB-41A9-4181-8381-298B88121D46}.Release|Any CPU.Build.0 = Release|Any CPU
		{69673BB6-35E6-46E9-9C08-831788957F6F}.Debug|Any CPU.ActiveCfg = Debug|Any CPU
		{69673BB6-35E6-46E9-9C08-831788957F6F}.Debug|Any CPU.Build.0 = Debug|Any CPU
		{69673BB6-35E6-46E9-9C08-831788957F6F}.Release|Any CPU.ActiveCfg = Release|Any CPU
		{69673BB6-35E6-46E9-9C08-831788957F6F}.Release|Any CPU.Build.0 = Release|Any CPU
		{D206E005-FC0E-481D-B730-F6199B47AAD8}.Debug|Any CPU.ActiveCfg = Debug|Any CPU
		{D206E005-FC0E-481D-B730-F6199B47AAD8}.Debug|Any CPU.Build.0 = Debug|Any CPU
		{D206E005-FC0E-481D-B730-F6199B47AAD8}.Release|Any CPU.ActiveCfg = Release|Any CPU
		{D206E005-FC0E-481D-B730-F6199B47AAD8}.Release|Any CPU.Build.0 = Release|Any CPU
	EndGlobalSection
	GlobalSection(SolutionProperties) = preSolution
		HideSolutionNode = FALSE
	EndGlobalSection
	GlobalSection(ExtensibilityGlobals) = postSolution
		SolutionGuid = {94E5F141-95B5-4139-AF4B-D22B4D3EAC7E}
	EndGlobalSection
EndGlobal
